
Microsoft Visual Studio Solution File, Format Version 12.00
# Visual Studio Version 17
VisualStudioVersion = 17.8.34330.188
MinimumVisualStudioVersion = 10.0.40219.1
Project("{FAE04EC0-301F-11D3-BF4B-00C04F79EFBC}") = "AlteryxTools", "AlteryxTools.csproj", "{8E2FC4CE-E4B2-4A5A-944B-6AEA31537674}"
EndProject
Global
	GlobalSection(SolutionConfigurationPlatforms) = preSolution
		Debug|Any CPU = Debug|Any CPU
		Release|Any CPU = Release|Any CPU
	EndGlobalSection
	GlobalSection(ProjectConfigurationPlatforms) = postSolution
		{8E2FC4CE-E4B2-4A5A-944B-6AEA31537674}.Debug|Any CPU.ActiveCfg = Debug|Any CPU
		{8E2FC4CE-E4B2-4A5A-944B-6AEA31537674}.Debug|Any CPU.Build.0 = Debug|Any CPU
		{8E2FC4CE-E4B2-4A5A-944B-6AEA31537674}.Release|Any CPU.ActiveCfg = Release|Any CPU
		{8E2FC4CE-E4B2-4A5A-944B-6AEA31537674}.Release|Any CPU.Build.0 = Release|Any CPU
	EndGlobalSection
	GlobalSection(SolutionProperties) = preSolution
		HideSolutionNode = FALSE
	EndGlobalSection
	GlobalSection(ExtensibilityGlobals) = postSolution
		SolutionGuid = {7B11B388-69CA-432E-BF73-1C7E25BDCC93}
	EndGlobalSection
EndGlobal
