
Microsoft Visual Studio Solution File, Format Version 12.00
# Visual Studio Version 17
VisualStudioVersion = 17.8.34330.188
MinimumVisualStudioVersion = 10.0.40219.1
Project("{FAE04EC0-301F-11D3-BF4B-00C04F79EFBC}") = "Test", "Test.csproj", "{3990AF67-ECD0-4BB0-B019-9C8539C9FBF1}"
EndProject
Global
	GlobalSection(SolutionConfigurationPlatforms) = preSolution
		Debug|Any CPU = Debug|Any CPU
		Release|Any CPU = Release|Any CPU
	EndGlobalSection
	GlobalSection(ProjectConfigurationPlatforms) = postSolution
		{3990AF67-ECD0-4BB0-B019-9C8539C9FBF1}.Debug|Any CPU.ActiveCfg = Debug|Any CPU
		{3990AF67-ECD0-4BB0-B019-9C8539C9FBF1}.Debug|Any CPU.Build.0 = Debug|Any CPU
		{3990AF67-ECD0-4BB0-B019-9C8539C9FBF1}.Release|Any CPU.ActiveCfg = Release|Any CPU
		{3990AF67-ECD0-4BB0-B019-9C8539C9FBF1}.Release|Any CPU.Build.0 = Release|Any CPU
	EndGlobalSection
	GlobalSection(SolutionProperties) = preSolution
		HideSolutionNode = FALSE
	EndGlobalSection
	GlobalSection(ExtensibilityGlobals) = postSolution
		SolutionGuid = {31574AAE-DDFF-4FAA-8574-C6B3241C862E}
	EndGlobalSection
EndGlobal
